
Microsoft Visual Studio Solution File, Format Version 12.00
# Visual Studio Version 16
VisualStudioVersion = 16.0.28922.388
MinimumVisualStudioVersion = 10.0.40219.1
Project("{9A19103F-16F7-4668-BE54-9A1E7A4F7556}") = "IFSEngine", "IFSEngine\IFSEngine.csproj", "{CD8AE533-71A9-4409-8C68-FE48F2F0FA61}"
EndProject
Project("{FAE04EC0-301F-11D3-BF4B-00C04F79EFBC}") = "WpfDisplay", "WpfDisplay\WpfDisplay.csproj", "{357FC78C-F1A8-40C6-91AF-E06CE2C34FB1}"
EndProject
Project("{9A19103F-16F7-4668-BE54-9A1E7A4F7556}") = "IFSEngine.Util", "IFSEngine.Util\IFSEngine.Util.csproj", "{52B72CB8-CA7E-4127-84EA-C80129931A5D}"
EndProject
Global
	GlobalSection(SolutionConfigurationPlatforms) = preSolution
		Debug|Any CPU = Debug|Any CPU
		Debug|ARM = Debug|ARM
		Debug|x64 = Debug|x64
		Debug|x86 = Debug|x86
		Release|Any CPU = Release|Any CPU
		Release|ARM = Release|ARM
		Release|x64 = Release|x64
		Release|x86 = Release|x86
	EndGlobalSection
	GlobalSection(ProjectConfigurationPlatforms) = postSolution
		{CD8AE533-71A9-4409-8C68-FE48F2F0FA61}.Debug|Any CPU.ActiveCfg = Debug|Any CPU
		{CD8AE533-71A9-4409-8C68-FE48F2F0FA61}.Debug|Any CPU.Build.0 = Debug|Any CPU
		{CD8AE533-71A9-4409-8C68-FE48F2F0FA61}.Debug|ARM.ActiveCfg = Debug|Any CPU
		{CD8AE533-71A9-4409-8C68-FE48F2F0FA61}.Debug|ARM.Build.0 = Debug|Any CPU
		{CD8AE533-71A9-4409-8C68-FE48F2F0FA61}.Debug|x64.ActiveCfg = Debug|Any CPU
		{CD8AE533-71A9-4409-8C68-FE48F2F0FA61}.Debug|x64.Build.0 = Debug|Any CPU
		{CD8AE533-71A9-4409-8C68-FE48F2F0FA61}.Debug|x86.ActiveCfg = Debug|Any CPU
		{CD8AE533-71A9-4409-8C68-FE48F2F0FA61}.Debug|x86.Build.0 = Debug|Any CPU
		{CD8AE533-71A9-4409-8C68-FE48F2F0FA61}.Release|Any CPU.ActiveCfg = Release|Any CPU
		{CD8AE533-71A9-4409-8C68-FE48F2F0FA61}.Release|Any CPU.Build.0 = Release|Any CPU
		{CD8AE533-71A9-4409-8C68-FE48F2F0FA61}.Release|ARM.ActiveCfg = Release|Any CPU
		{CD8AE533-71A9-4409-8C68-FE48F2F0FA61}.Release|ARM.Build.0 = Release|Any CPU
		{CD8AE533-71A9-4409-8C68-FE48F2F0FA61}.Release|x64.ActiveCfg = Release|Any CPU
		{CD8AE533-71A9-4409-8C68-FE48F2F0FA61}.Release|x64.Build.0 = Release|Any CPU
		{CD8AE533-71A9-4409-8C68-FE48F2F0FA61}.Release|x86.ActiveCfg = Release|Any CPU
		{CD8AE533-71A9-4409-8C68-FE48F2F0FA61}.Release|x86.Build.0 = Release|Any CPU
		{357FC78C-F1A8-40C6-91AF-E06CE2C34FB1}.Debug|Any CPU.ActiveCfg = Debug|Any CPU
		{357FC78C-F1A8-40C6-91AF-E06CE2C34FB1}.Debug|Any CPU.Build.0 = Debug|Any CPU
		{357FC78C-F1A8-40C6-91AF-E06CE2C34FB1}.Debug|ARM.ActiveCfg = Debug|Any CPU
		{357FC78C-F1A8-40C6-91AF-E06CE2C34FB1}.Debug|ARM.Build.0 = Debug|Any CPU
		{357FC78C-F1A8-40C6-91AF-E06CE2C34FB1}.Debug|x64.ActiveCfg = Debug|Any CPU
		{357FC78C-F1A8-40C6-91AF-E06CE2C34FB1}.Debug|x64.Build.0 = Debug|Any CPU
		{357FC78C-F1A8-40C6-91AF-E06CE2C34FB1}.Debug|x86.ActiveCfg = Debug|Any CPU
		{357FC78C-F1A8-40C6-91AF-E06CE2C34FB1}.Debug|x86.Build.0 = Debug|Any CPU
		{357FC78C-F1A8-40C6-91AF-E06CE2C34FB1}.Release|Any CPU.ActiveCfg = Release|Any CPU
		{357FC78C-F1A8-40C6-91AF-E06CE2C34FB1}.Release|Any CPU.Build.0 = Release|Any CPU
		{357FC78C-F1A8-40C6-91AF-E06CE2C34FB1}.Release|ARM.ActiveCfg = Release|Any CPU
		{357FC78C-F1A8-40C6-91AF-E06CE2C34FB1}.Release|ARM.Build.0 = Release|Any CPU
		{357FC78C-F1A8-40C6-91AF-E06CE2C34FB1}.Release|x64.ActiveCfg = Release|Any CPU
		{357FC78C-F1A8-40C6-91AF-E06CE2C34FB1}.Release|x64.Build.0 = Release|Any CPU
		{357FC78C-F1A8-40C6-91AF-E06CE2C34FB1}.Release|x86.ActiveCfg = Release|Any CPU
		{357FC78C-F1A8-40C6-91AF-E06CE2C34FB1}.Release|x86.Build.0 = Release|Any CPU
		{52B72CB8-CA7E-4127-84EA-C80129931A5D}.Debug|Any CPU.ActiveCfg = Debug|Any CPU
		{52B72CB8-CA7E-4127-84EA-C80129931A5D}.Debug|Any CPU.Build.0 = Debug|Any CPU
		{52B72CB8-CA7E-4127-84EA-C80129931A5D}.Debug|ARM.ActiveCfg = Debug|Any CPU
		{52B72CB8-CA7E-4127-84EA-C80129931A5D}.Debug|ARM.Build.0 = Debug|Any CPU
		{52B72CB8-CA7E-4127-84EA-C80129931A5D}.Debug|x64.ActiveCfg = Debug|Any CPU
		{52B72CB8-CA7E-4127-84EA-C80129931A5D}.Debug|x64.Build.0 = Debug|Any CPU
		{52B72CB8-CA7E-4127-84EA-C80129931A5D}.Debug|x86.ActiveCfg = Debug|Any CPU
		{52B72CB8-CA7E-4127-84EA-C80129931A5D}.Debug|x86.Build.0 = Debug|Any CPU
		{52B72CB8-CA7E-4127-84EA-C80129931A5D}.Release|Any CPU.ActiveCfg = Release|Any CPU
		{52B72CB8-CA7E-4127-84EA-C80129931A5D}.Release|Any CPU.Build.0 = Release|Any CPU
		{52B72CB8-CA7E-4127-84EA-C80129931A5D}.Release|ARM.ActiveCfg = Release|Any CPU
		{52B72CB8-CA7E-4127-84EA-C80129931A5D}.Release|ARM.Build.0 = Release|Any CPU
		{52B72CB8-CA7E-4127-84EA-C80129931A5D}.Release|x64.ActiveCfg = Release|Any CPU
		{52B72CB8-CA7E-4127-84EA-C80129931A5D}.Release|x64.Build.0 = Release|Any CPU
		{52B72CB8-CA7E-4127-84EA-C80129931A5D}.Release|x86.ActiveCfg = Release|Any CPU
		{52B72CB8-CA7E-4127-84EA-C80129931A5D}.Release|x86.Build.0 = Release|Any CPU
	EndGlobalSection
	GlobalSection(SolutionProperties) = preSolution
		HideSolutionNode = FALSE
	EndGlobalSection
	GlobalSection(ExtensibilityGlobals) = postSolution
		SolutionGuid = {357C768A-34FB-4DA0-AE7A-AD1B6B315B72}
	EndGlobalSection
EndGlobal
