
Microsoft Visual Studio Solution File, Format Version 12.00
# Visual Studio Version 16
VisualStudioVersion = 16.0.28922.388
MinimumVisualStudioVersion = 10.0.40219.1
Project("{9A19103F-16F7-4668-BE54-9A1E7A4F7556}") = "IFSEngine", "IFSEngine\IFSEngine.csproj", "{CD8AE533-71A9-4409-8C68-FE48F2F0FA61}"
EndProject
Project("{9A19103F-16F7-4668-BE54-9A1E7A4F7556}") = "WpfDisplay", "WpfDisplay\WpfDisplay.csproj", "{357FC78C-F1A8-40C6-91AF-E06CE2C34FB1}"
	ProjectSection(ProjectDependencies) = postProject
		{CD8AE533-71A9-4409-8C68-FE48F2F0FA61} = {CD8AE533-71A9-4409-8C68-FE48F2F0FA61}
		{1121F381-0FA3-4CF3-B94B-9B73DCBB62D1} = {1121F381-0FA3-4CF3-B94B-9B73DCBB62D1}
	EndProjectSection
EndProject
Project("{9A19103F-16F7-4668-BE54-9A1E7A4F7556}") = "IFSEngine.WPF.InteractiveDisplay", "IFSEngine.WPF.InteractiveDisplay\IFSEngine.WPF.InteractiveDisplay.csproj", "{1121F381-0FA3-4CF3-B94B-9B73DCBB62D1}"
	ProjectSection(ProjectDependencies) = postProject
		{CD8AE533-71A9-4409-8C68-FE48F2F0FA61} = {CD8AE533-71A9-4409-8C68-FE48F2F0FA61}
	EndProjectSection
EndProject
Project("{54435603-DBB4-11D2-8724-00A0C9A8B90C}") = "Setup", "Setup\Setup.vdproj", "{7CB9603C-3B8E-41F4-9335-6B05FA350A52}"
EndProject
Global
	GlobalSection(SolutionConfigurationPlatforms) = preSolution
		Debug|Any CPU = Debug|Any CPU
		Debug|ARM = Debug|ARM
		Debug|ARM64 = Debug|ARM64
		Debug|x64 = Debug|x64
		Debug|x86 = Debug|x86
		ReleaseInstaller|Any CPU = ReleaseInstaller|Any CPU
		ReleaseInstaller|ARM = ReleaseInstaller|ARM
		ReleaseInstaller|ARM64 = ReleaseInstaller|ARM64
		ReleaseInstaller|x64 = ReleaseInstaller|x64
		ReleaseInstaller|x86 = ReleaseInstaller|x86
		ReleasePortable|Any CPU = ReleasePortable|Any CPU
		ReleasePortable|ARM = ReleasePortable|ARM
		ReleasePortable|ARM64 = ReleasePortable|ARM64
		ReleasePortable|x64 = ReleasePortable|x64
		ReleasePortable|x86 = ReleasePortable|x86
	EndGlobalSection
	GlobalSection(ProjectConfigurationPlatforms) = postSolution
		{CD8AE533-71A9-4409-8C68-FE48F2F0FA61}.Debug|Any CPU.ActiveCfg = Debug|Any CPU
		{CD8AE533-71A9-4409-8C68-FE48F2F0FA61}.Debug|Any CPU.Build.0 = Debug|Any CPU
		{CD8AE533-71A9-4409-8C68-FE48F2F0FA61}.Debug|ARM.ActiveCfg = Debug|Any CPU
		{CD8AE533-71A9-4409-8C68-FE48F2F0FA61}.Debug|ARM.Build.0 = Debug|Any CPU
		{CD8AE533-71A9-4409-8C68-FE48F2F0FA61}.Debug|ARM64.ActiveCfg = Debug|Any CPU
		{CD8AE533-71A9-4409-8C68-FE48F2F0FA61}.Debug|ARM64.Build.0 = Debug|Any CPU
		{CD8AE533-71A9-4409-8C68-FE48F2F0FA61}.Debug|x64.ActiveCfg = Debug|Any CPU
		{CD8AE533-71A9-4409-8C68-FE48F2F0FA61}.Debug|x64.Build.0 = Debug|Any CPU
		{CD8AE533-71A9-4409-8C68-FE48F2F0FA61}.Debug|x86.ActiveCfg = Debug|Any CPU
		{CD8AE533-71A9-4409-8C68-FE48F2F0FA61}.Debug|x86.Build.0 = Debug|Any CPU
		{CD8AE533-71A9-4409-8C68-FE48F2F0FA61}.ReleaseInstaller|Any CPU.ActiveCfg = Release|Any CPU
		{CD8AE533-71A9-4409-8C68-FE48F2F0FA61}.ReleaseInstaller|Any CPU.Build.0 = Release|Any CPU
		{CD8AE533-71A9-4409-8C68-FE48F2F0FA61}.ReleaseInstaller|ARM.ActiveCfg = Release|Any CPU
		{CD8AE533-71A9-4409-8C68-FE48F2F0FA61}.ReleaseInstaller|ARM.Build.0 = Release|Any CPU
		{CD8AE533-71A9-4409-8C68-FE48F2F0FA61}.ReleaseInstaller|ARM64.ActiveCfg = Release|Any CPU
		{CD8AE533-71A9-4409-8C68-FE48F2F0FA61}.ReleaseInstaller|ARM64.Build.0 = Release|Any CPU
		{CD8AE533-71A9-4409-8C68-FE48F2F0FA61}.ReleaseInstaller|x64.ActiveCfg = Release|Any CPU
		{CD8AE533-71A9-4409-8C68-FE48F2F0FA61}.ReleaseInstaller|x64.Build.0 = Release|Any CPU
		{CD8AE533-71A9-4409-8C68-FE48F2F0FA61}.ReleaseInstaller|x86.ActiveCfg = Release|Any CPU
		{CD8AE533-71A9-4409-8C68-FE48F2F0FA61}.ReleaseInstaller|x86.Build.0 = Release|Any CPU
		{CD8AE533-71A9-4409-8C68-FE48F2F0FA61}.ReleasePortable|Any CPU.ActiveCfg = Release|Any CPU
		{CD8AE533-71A9-4409-8C68-FE48F2F0FA61}.ReleasePortable|Any CPU.Build.0 = Release|Any CPU
		{CD8AE533-71A9-4409-8C68-FE48F2F0FA61}.ReleasePortable|ARM.ActiveCfg = Release|Any CPU
		{CD8AE533-71A9-4409-8C68-FE48F2F0FA61}.ReleasePortable|ARM.Build.0 = Release|Any CPU
		{CD8AE533-71A9-4409-8C68-FE48F2F0FA61}.ReleasePortable|ARM64.ActiveCfg = Release|Any CPU
		{CD8AE533-71A9-4409-8C68-FE48F2F0FA61}.ReleasePortable|ARM64.Build.0 = Release|Any CPU
		{CD8AE533-71A9-4409-8C68-FE48F2F0FA61}.ReleasePortable|x64.ActiveCfg = Release|Any CPU
		{CD8AE533-71A9-4409-8C68-FE48F2F0FA61}.ReleasePortable|x64.Build.0 = Release|Any CPU
		{CD8AE533-71A9-4409-8C68-FE48F2F0FA61}.ReleasePortable|x86.ActiveCfg = Release|Any CPU
		{CD8AE533-71A9-4409-8C68-FE48F2F0FA61}.ReleasePortable|x86.Build.0 = Release|Any CPU
		{357FC78C-F1A8-40C6-91AF-E06CE2C34FB1}.Debug|Any CPU.ActiveCfg = Debug|Any CPU
		{357FC78C-F1A8-40C6-91AF-E06CE2C34FB1}.Debug|Any CPU.Build.0 = Debug|Any CPU
		{357FC78C-F1A8-40C6-91AF-E06CE2C34FB1}.Debug|ARM.ActiveCfg = Debug|Any CPU
		{357FC78C-F1A8-40C6-91AF-E06CE2C34FB1}.Debug|ARM.Build.0 = Debug|Any CPU
		{357FC78C-F1A8-40C6-91AF-E06CE2C34FB1}.Debug|ARM64.ActiveCfg = Debug|Any CPU
		{357FC78C-F1A8-40C6-91AF-E06CE2C34FB1}.Debug|ARM64.Build.0 = Debug|Any CPU
		{357FC78C-F1A8-40C6-91AF-E06CE2C34FB1}.Debug|x64.ActiveCfg = Debug|Any CPU
		{357FC78C-F1A8-40C6-91AF-E06CE2C34FB1}.Debug|x64.Build.0 = Debug|Any CPU
		{357FC78C-F1A8-40C6-91AF-E06CE2C34FB1}.Debug|x86.ActiveCfg = Debug|Any CPU
		{357FC78C-F1A8-40C6-91AF-E06CE2C34FB1}.Debug|x86.Build.0 = Debug|Any CPU
		{357FC78C-F1A8-40C6-91AF-E06CE2C34FB1}.ReleaseInstaller|Any CPU.ActiveCfg = ReleaseInstaller|Any CPU
		{357FC78C-F1A8-40C6-91AF-E06CE2C34FB1}.ReleaseInstaller|Any CPU.Build.0 = ReleaseInstaller|Any CPU
		{357FC78C-F1A8-40C6-91AF-E06CE2C34FB1}.ReleaseInstaller|ARM.ActiveCfg = ReleasePortable|Any CPU
		{357FC78C-F1A8-40C6-91AF-E06CE2C34FB1}.ReleaseInstaller|ARM.Build.0 = ReleasePortable|Any CPU
		{357FC78C-F1A8-40C6-91AF-E06CE2C34FB1}.ReleaseInstaller|ARM64.ActiveCfg = ReleasePortable|Any CPU
		{357FC78C-F1A8-40C6-91AF-E06CE2C34FB1}.ReleaseInstaller|ARM64.Build.0 = ReleasePortable|Any CPU
		{357FC78C-F1A8-40C6-91AF-E06CE2C34FB1}.ReleaseInstaller|x64.ActiveCfg = ReleasePortable|Any CPU
		{357FC78C-F1A8-40C6-91AF-E06CE2C34FB1}.ReleaseInstaller|x64.Build.0 = ReleasePortable|Any CPU
		{357FC78C-F1A8-40C6-91AF-E06CE2C34FB1}.ReleaseInstaller|x86.ActiveCfg = ReleasePortable|Any CPU
		{357FC78C-F1A8-40C6-91AF-E06CE2C34FB1}.ReleaseInstaller|x86.Build.0 = ReleasePortable|Any CPU
		{357FC78C-F1A8-40C6-91AF-E06CE2C34FB1}.ReleasePortable|Any CPU.ActiveCfg = ReleasePortable|Any CPU
		{357FC78C-F1A8-40C6-91AF-E06CE2C34FB1}.ReleasePortable|Any CPU.Build.0 = ReleasePortable|Any CPU
		{357FC78C-F1A8-40C6-91AF-E06CE2C34FB1}.ReleasePortable|ARM.ActiveCfg = ReleasePortable|Any CPU
		{357FC78C-F1A8-40C6-91AF-E06CE2C34FB1}.ReleasePortable|ARM.Build.0 = ReleasePortable|Any CPU
		{357FC78C-F1A8-40C6-91AF-E06CE2C34FB1}.ReleasePortable|ARM64.ActiveCfg = ReleasePortable|Any CPU
		{357FC78C-F1A8-40C6-91AF-E06CE2C34FB1}.ReleasePortable|ARM64.Build.0 = ReleasePortable|Any CPU
		{357FC78C-F1A8-40C6-91AF-E06CE2C34FB1}.ReleasePortable|x64.ActiveCfg = ReleasePortable|Any CPU
		{357FC78C-F1A8-40C6-91AF-E06CE2C34FB1}.ReleasePortable|x64.Build.0 = ReleasePortable|Any CPU
		{357FC78C-F1A8-40C6-91AF-E06CE2C34FB1}.ReleasePortable|x86.ActiveCfg = ReleasePortable|Any CPU
		{357FC78C-F1A8-40C6-91AF-E06CE2C34FB1}.ReleasePortable|x86.Build.0 = ReleasePortable|Any CPU
		{1121F381-0FA3-4CF3-B94B-9B73DCBB62D1}.Debug|Any CPU.ActiveCfg = Debug|Any CPU
		{1121F381-0FA3-4CF3-B94B-9B73DCBB62D1}.Debug|Any CPU.Build.0 = Debug|Any CPU
		{1121F381-0FA3-4CF3-B94B-9B73DCBB62D1}.Debug|ARM.ActiveCfg = Debug|Any CPU
		{1121F381-0FA3-4CF3-B94B-9B73DCBB62D1}.Debug|ARM.Build.0 = Debug|Any CPU
		{1121F381-0FA3-4CF3-B94B-9B73DCBB62D1}.Debug|ARM64.ActiveCfg = Debug|Any CPU
		{1121F381-0FA3-4CF3-B94B-9B73DCBB62D1}.Debug|ARM64.Build.0 = Debug|Any CPU
		{1121F381-0FA3-4CF3-B94B-9B73DCBB62D1}.Debug|x64.ActiveCfg = Debug|Any CPU
		{1121F381-0FA3-4CF3-B94B-9B73DCBB62D1}.Debug|x64.Build.0 = Debug|Any CPU
		{1121F381-0FA3-4CF3-B94B-9B73DCBB62D1}.Debug|x86.ActiveCfg = Debug|Any CPU
		{1121F381-0FA3-4CF3-B94B-9B73DCBB62D1}.Debug|x86.Build.0 = Debug|Any CPU
		{1121F381-0FA3-4CF3-B94B-9B73DCBB62D1}.ReleaseInstaller|Any CPU.ActiveCfg = Release|Any CPU
		{1121F381-0FA3-4CF3-B94B-9B73DCBB62D1}.ReleaseInstaller|Any CPU.Build.0 = Release|Any CPU
		{1121F381-0FA3-4CF3-B94B-9B73DCBB62D1}.ReleaseInstaller|ARM.ActiveCfg = Release|Any CPU
		{1121F381-0FA3-4CF3-B94B-9B73DCBB62D1}.ReleaseInstaller|ARM.Build.0 = Release|Any CPU
		{1121F381-0FA3-4CF3-B94B-9B73DCBB62D1}.ReleaseInstaller|ARM64.ActiveCfg = Release|Any CPU
		{1121F381-0FA3-4CF3-B94B-9B73DCBB62D1}.ReleaseInstaller|ARM64.Build.0 = Release|Any CPU
		{1121F381-0FA3-4CF3-B94B-9B73DCBB62D1}.ReleaseInstaller|x64.ActiveCfg = Release|Any CPU
		{1121F381-0FA3-4CF3-B94B-9B73DCBB62D1}.ReleaseInstaller|x64.Build.0 = Release|Any CPU
		{1121F381-0FA3-4CF3-B94B-9B73DCBB62D1}.ReleaseInstaller|x86.ActiveCfg = Release|Any CPU
		{1121F381-0FA3-4CF3-B94B-9B73DCBB62D1}.ReleaseInstaller|x86.Build.0 = Release|Any CPU
		{1121F381-0FA3-4CF3-B94B-9B73DCBB62D1}.ReleasePortable|Any CPU.ActiveCfg = Release|Any CPU
		{1121F381-0FA3-4CF3-B94B-9B73DCBB62D1}.ReleasePortable|Any CPU.Build.0 = Release|Any CPU
		{1121F381-0FA3-4CF3-B94B-9B73DCBB62D1}.ReleasePortable|ARM.ActiveCfg = Release|Any CPU
		{1121F381-0FA3-4CF3-B94B-9B73DCBB62D1}.ReleasePortable|ARM.Build.0 = Release|Any CPU
		{1121F381-0FA3-4CF3-B94B-9B73DCBB62D1}.ReleasePortable|ARM64.ActiveCfg = Release|Any CPU
		{1121F381-0FA3-4CF3-B94B-9B73DCBB62D1}.ReleasePortable|ARM64.Build.0 = Release|Any CPU
		{1121F381-0FA3-4CF3-B94B-9B73DCBB62D1}.ReleasePortable|x64.ActiveCfg = Release|Any CPU
		{1121F381-0FA3-4CF3-B94B-9B73DCBB62D1}.ReleasePortable|x64.Build.0 = Release|Any CPU
		{1121F381-0FA3-4CF3-B94B-9B73DCBB62D1}.ReleasePortable|x86.ActiveCfg = Release|Any CPU
		{1121F381-0FA3-4CF3-B94B-9B73DCBB62D1}.ReleasePortable|x86.Build.0 = Release|Any CPU
		{7CB9603C-3B8E-41F4-9335-6B05FA350A52}.Debug|Any CPU.ActiveCfg = Debug
		{7CB9603C-3B8E-41F4-9335-6B05FA350A52}.Debug|ARM.ActiveCfg = Debug
		{7CB9603C-3B8E-41F4-9335-6B05FA350A52}.Debug|ARM64.ActiveCfg = Debug
		{7CB9603C-3B8E-41F4-9335-6B05FA350A52}.Debug|x64.ActiveCfg = Debug
		{7CB9603C-3B8E-41F4-9335-6B05FA350A52}.Debug|x86.ActiveCfg = Debug
		{7CB9603C-3B8E-41F4-9335-6B05FA350A52}.ReleaseInstaller|Any CPU.ActiveCfg = Release
		{7CB9603C-3B8E-41F4-9335-6B05FA350A52}.ReleaseInstaller|ARM.ActiveCfg = Release
		{7CB9603C-3B8E-41F4-9335-6B05FA350A52}.ReleaseInstaller|ARM64.ActiveCfg = Release
		{7CB9603C-3B8E-41F4-9335-6B05FA350A52}.ReleaseInstaller|x64.ActiveCfg = Release
		{7CB9603C-3B8E-41F4-9335-6B05FA350A52}.ReleaseInstaller|x86.ActiveCfg = Release
		{7CB9603C-3B8E-41F4-9335-6B05FA350A52}.ReleasePortable|Any CPU.ActiveCfg = Release
		{7CB9603C-3B8E-41F4-9335-6B05FA350A52}.ReleasePortable|ARM.ActiveCfg = Release
		{7CB9603C-3B8E-41F4-9335-6B05FA350A52}.ReleasePortable|ARM64.ActiveCfg = Release
		{7CB9603C-3B8E-41F4-9335-6B05FA350A52}.ReleasePortable|x64.ActiveCfg = Release
		{7CB9603C-3B8E-41F4-9335-6B05FA350A52}.ReleasePortable|x86.ActiveCfg = Release
	EndGlobalSection
	GlobalSection(SolutionProperties) = preSolution
		HideSolutionNode = FALSE
	EndGlobalSection
	GlobalSection(ExtensibilityGlobals) = postSolution
		SolutionGuid = {357C768A-34FB-4DA0-AE7A-AD1B6B315B72}
	EndGlobalSection
EndGlobal
